PODS:
  - FBAudienceNetwork (5.4.0):
    - FBSDKCoreKit/Basics
  - FBSDKCoreKit/Basics (5.0.2)

DEPENDENCIES:
  - FBAudienceNetwork

SPEC REPOS:
  https://github.com/cocoapods/specs.git:
    - FBAudienceNetwork
    - FBSDKCoreKit

SPEC CHECKSUMS:
  FBAudienceNetwork: c1514860ed6d9ba9f97350f3fbb3ac49556f5e43
  FBSDKCoreKit: 3e41c402eb64ea7799c71833ff9e5690f27b9c42

PODFILE CHECKSUM: 61ac1a50e60db6647da02436306d9e95add98ec3

COCOAPODS: 1.5.3
