<?xml version="1.0" encoding="UTF-8"?>
<Scheme
   LastUpgradeVersion = "0820"
   version = "1.7">
   <BuildAction
      parallelizeBuildables = "YES"
      buildImplicitDependencies = "YES">
      <PostActions>
         <ExecutionAction
            ActionType = "Xcode.IDEStandardExecutionActionsCore.ExecutionActionType.ShellScriptAction">
            <ActionContent
               title = "Run Script"
               scriptText = "&#10;#&#10;# xcode-schema-script-template.sh&#10;#&#10;# This template provides a script that can be copied into an Xcode schema script-action window.&#10;# Currently, the template does just one thing: sort the Xcode project file(s).&#10;#&#10;# NB  Scripts running as Build-&gt;Pre-actions can sometimes cancel the build.&#10;#&#10;#&#10;# HOW TO USE THIS TEMPLATE--&#10;#&#10;#   1: Choose the build target for which the schema action will be created.&#10;#&#10;#   2: Decide to which schema and which schema action the script will be added.&#10;#&#10;#        In Xcode: Product --&gt; Scheme --&gt; Edit Scheme...&#10;#        Then look in sidebar for (eg) Build --&gt; Post-actions&#10;#&#10;#   3: If the schema action window does not contain an unused &quot;Run Script&quot; object,&#10;#      create one by choosing &quot;+&quot; at the bottom left and choose &quot;New Run Script Action.&quot;&#10;#&#10;#   4: Set the environment script environment context.&#10;#&#10;#        Provide build settings from &lt;APP-NAME-IN-PULLDOWN-MENU&gt;.&#10;#&#10;#      This defines a number of useful and essential environment variables, such as PROJECT_DIR.&#10;#      PROJECT_DIR is the directory that contains APPNAME.xcodeproj.&#10;#&#10;#   5: Check the &quot;Shared&quot; checkbox at the bottom of the schema window.&#10;#      This writes the changes to APPNAME.xcodeproj/xcshareddata/xcschemes/ .&#10;#      Otherwise the changes only live in xcuserdata and cannot be shared between Xcode project users.&#10;#&#10;#   6: Copy this template file and make the following changes to the copy...&#10;#&#10;#   7: Configure the global variables:&#10;#&#10;#        SORTSCRIPT_LOCATION  Be sure this represents the correct path TO xcprojsort.sh FROM PROJECT_DIR.&#10;#        SCHEMALOG keeps a simple log of each time the schema script runs.&#10;#        DEBUGLOG is used by debugThisTemplate() to record useful things about the schema script-action environment.&#10;#&#10;#      NOTE  The log file may be shared if there are multiple schema scripts.&#10;#&#10;#   8: Copy the script into the schema script-action window and save.&#10;#      BE SURE the final &quot;GRONK&quot; of the here-file in debugThisTemplate() begins in the first column.&#10;#&#10;#   9 (debug): For debugging help, uncomment the function call debugThisTemplate in section Main.&#10;#              Look for the DEBUGLOG file in the window opened by Xcode when the schema script runs.&#10;#&#10;&#10;&#10;&#10;#------------------------------------------------- -o-&#10;# Globals.&#10;&#10;SORTSCRIPT_LOCATION=../../utils/scripts/xcprojsort/xcprojsort.sh&#10;&#10;SCHEMALOG=00_schemaLog.txt&#10;&#10;DEBUGLOG=00_debugLog.txt&#10;&#10;&#10;&#10;&#10;#------------------------------------------------- -o-&#10;# Functions.&#10;&#10;debugThisTemplate()&#10;{&#10;    cat &lt;&lt;GRONK &gt;$DEBUGLOG&#10;    --------------------------------------&#10;    where are we...&#10;    $(pwd)&#10;&#10;&#10;    PROJECT_DIR=$PROJECT_DIR&#10;&#10;&#10;    can we find our script...&#10;    $(ls -l $PROJECT_DIR/$SORTSCRIPT_LOCATION)&#10;&#10;&#10;    whats in the project...&#10;    $(ls -l $PROJECT_DIR)&#10;&#10;&#10;    whats in this environment...&#10;    $(set)&#10;&#10;    --------------------------------------&#10;GRONK&#10;&#10;    #&#10;    open .&#10;}&#10;&#10;&#10;&#10;&#10;#------------------------------------------------- -o-&#10;# Main.&#10;&#10;{&#10;    echo -------&#10;    date&#10;    $PROJECT_DIR/$SORTSCRIPT_LOCATION $PROJECT_DIR &#10;}  &gt;&gt; $SCHEMALOG&#10;&#10;#debugThisTemplate&#10;&#10;&#10;">
               <EnvironmentBuildable>
                  <BuildableReference
                     BuildableIdentifier = "primary"
                     BlueprintIdentifier = "EC3E5CDB1843C6D50070315E"
                     BuildableName = "libANSDK.a"
                     BlueprintName = "ANSDK"
                     ReferencedContainer = "container:ANSDK.xcodeproj">
                  </BuildableReference>
               </EnvironmentBuildable>
            </ActionContent>
         </ExecutionAction>
      </PostActions>
      <BuildActionEntries>
         <BuildActionEntry
            buildForTesting = "YES"
            buildForRunning = "YES"
            buildForProfiling = "YES"
            buildForArchiving = "YES"
            buildForAnalyzing = "YES">
            <BuildableReference
               BuildableIdentifier = "primary"
               BlueprintIdentifier = "EC3E5CDB1843C6D50070315E"
               BuildableName = "libANSDK.a"
               BlueprintName = "ANSDK"
               ReferencedContainer = "container:ANSDK.xcodeproj">
            </BuildableReference>
         </BuildActionEntry>
      </BuildActionEntries>
   </BuildAction>
   <TestAction
      buildConfiguration = "Debug"
      selectedDebuggerIdentifier = "Xcode.DebuggerFoundation.Debugger.LLDB"
      selectedLauncherIdentifier = "Xcode.DebuggerFoundation.Launcher.LLDB"
      shouldUseLaunchSchemeArgsEnv = "YES">
      <Testables>
      </Testables>
      <AdditionalOptions>
      </AdditionalOptions>
   </TestAction>
   <LaunchAction
      buildConfiguration = "Debug"
      selectedDebuggerIdentifier = "Xcode.DebuggerFoundation.Debugger.LLDB"
      selectedLauncherIdentifier = "Xcode.DebuggerFoundation.Launcher.LLDB"
      launchStyle = "0"
      useCustomWorkingDirectory = "NO"
      ignoresPersistentStateOnLaunch = "NO"
      debugDocumentVersioning = "YES"
      debugServiceExtension = "internal"
      allowLocationSimulation = "YES">
      <MacroExpansion>
         <BuildableReference
            BuildableIdentifier = "primary"
            BlueprintIdentifier = "EC3E5CDB1843C6D50070315E"
            BuildableName = "libANSDK.a"
            BlueprintName = "ANSDK"
            ReferencedContainer = "container:ANSDK.xcodeproj">
         </BuildableReference>
      </MacroExpansion>
      <EnvironmentVariables>
         <EnvironmentVariable
            key = "OS_ACTIVITY_MODE"
            value = "disable"
            isEnabled = "YES">
         </EnvironmentVariable>
      </EnvironmentVariables>
      <AdditionalOptions>
      </AdditionalOptions>
   </LaunchAction>
   <ProfileAction
      buildConfiguration = "Release"
      shouldUseLaunchSchemeArgsEnv = "YES"
      savedToolIdentifier = ""
      useCustomWorkingDirectory = "NO"
      debugDocumentVersioning = "YES">
      <MacroExpansion>
         <BuildableReference
            BuildableIdentifier = "primary"
            BlueprintIdentifier = "EC3E5CDB1843C6D50070315E"
            BuildableName = "libANSDK.a"
            BlueprintName = "ANSDK"
            ReferencedContainer = "container:ANSDK.xcodeproj">
         </BuildableReference>
      </MacroExpansion>
   </ProfileAction>
   <AnalyzeAction
      buildConfiguration = "Debug">
   </AnalyzeAction>
   <ArchiveAction
      buildConfiguration = "Release"
      revealArchiveInOrganizer = "YES">
   </ArchiveAction>
</Scheme>
