// !$*UTF8*$!
{
	archiveVersion = 1;
	classes = {
	};
	objectVersion = 46;
	objects = {

/* Begin PBXBuildFile section */
		ECF23E9A1845340900A94DE8 /* Foundation.framework in Frameworks */ = {isa = PBXBuildFile; fileRef = ECF23E991845340900A94DE8 /* Foundation.framework */; };
		ECF23EC8184534D000A94DE8 /* libANSDK.a in Frameworks */ = {isa = PBXBuildFile; fileRef = ECF23EC7184534D000A94DE8 /* libANSDK.a */; };
		ECF23ECE184534E400A94DE8 /* ANMoPubMediationBanner.m in Sources */ = {isa = PBXBuildFile; fileRef = ECF23ECB184534E400A94DE8 /* ANMoPubMediationBanner.m */; };
		ECF23ECF184534E400A94DE8 /* ANMoPubMediationInterstitial.m in Sources */ = {isa = PBXBuildFile; fileRef = ECF23ECD184534E400A94DE8 /* ANMoPubMediationInterstitial.m */; };
		ECF23ED0184534FD00A94DE8 /* ANMoPubMediationBanner.h in CopyFiles */ = {isa = PBXBuildFile; fileRef = ECF23ECA184534E400A94DE8 /* ANMoPubMediationBanner.h */; };
		ECF23ED1184534FD00A94DE8 /* ANMoPubMediationInterstitial.h in CopyFiles */ = {isa = PBXBuildFile; fileRef = ECF23ECC184534E400A94DE8 /* ANMoPubMediationInterstitial.h */; };
		ECF23FBE184537B500A94DE8 /* ANSDKResources.bundle in CopyFiles */ = {isa = PBXBuildFile; fileRef = ECF23EC6184534D000A94DE8 /* ANSDKResources.bundle */; };
/* End PBXBuildFile section */

/* Begin PBXCopyFilesBuildPhase section */
		ECF23E941845340900A94DE8 /* CopyFiles */ = {
			isa = PBXCopyFilesBuildPhase;
			buildActionMask = 2147483647;
			dstPath = "$(PRODUCT_NAME)";
			dstSubfolderSpec = 16;
			files = (
				ECF23FBE184537B500A94DE8 /* ANSDKResources.bundle in CopyFiles */,
				ECF23ED0184534FD00A94DE8 /* ANMoPubMediationBanner.h in CopyFiles */,
				ECF23ED1184534FD00A94DE8 /* ANMoPubMediationInterstitial.h in CopyFiles */,
			);
			runOnlyForDeploymentPostprocessing = 0;
		};
/* End PBXCopyFilesBuildPhase section */

/* Begin PBXFileReference section */
		ECF23E961845340900A94DE8 /* libANSDKMoPub.a */ = {isa = PBXFileReference; explicitFileType = archive.ar; includeInIndex = 0; path = libANSDKMoPub.a; sourceTree = BUILT_PRODUCTS_DIR; };
		ECF23E991845340900A94DE8 /* Foundation.framework */ = {isa = PBXFileReference; lastKnownFileType = wrapper.framework; name = Foundation.framework; path = System/Library/Frameworks/Foundation.framework; sourceTree = SDKROOT; };
		ECF23EC0184534D000A94DE8 /* ANAdProtocol.h */ = {isa = PBXFileReference; fileEncoding = 4; lastKnownFileType = sourcecode.c.h; path = ANAdProtocol.h; sourceTree = "<group>"; };
		ECF23EC1184534D000A94DE8 /* ANAdView.h */ = {isa = PBXFileReference; fileEncoding = 4; lastKnownFileType = sourcecode.c.h; path = ANAdView.h; sourceTree = "<group>"; };
		ECF23EC2184534D000A94DE8 /* ANBannerAdView.h */ = {isa = PBXFileReference; fileEncoding = 4; lastKnownFileType = sourcecode.c.h; path = ANBannerAdView.h; sourceTree = "<group>"; };
		ECF23EC3184534D000A94DE8 /* ANCustomAdapter.h */ = {isa = PBXFileReference; fileEncoding = 4; lastKnownFileType = sourcecode.c.h; path = ANCustomAdapter.h; sourceTree = "<group>"; };
		ECF23EC4184534D000A94DE8 /* ANInterstitialAd.h */ = {isa = PBXFileReference; fileEncoding = 4; lastKnownFileType = sourcecode.c.h; path = ANInterstitialAd.h; sourceTree = "<group>"; };
		ECF23EC5184534D000A94DE8 /* ANLocation.h */ = {isa = PBXFileReference; fileEncoding = 4; lastKnownFileType = sourcecode.c.h; path = ANLocation.h; sourceTree = "<group>"; };
		ECF23EC6184534D000A94DE8 /* ANSDKResources.bundle */ = {isa = PBXFileReference; lastKnownFileType = "wrapper.plug-in"; path = ANSDKResources.bundle; sourceTree = "<group>"; };
		ECF23EC7184534D000A94DE8 /* libANSDK.a */ = {isa = PBXFileReference; lastKnownFileType = archive.ar; path = libANSDK.a; sourceTree = "<group>"; };
		ECF23ECA184534E400A94DE8 /* ANMoPubMediationBanner.h */ = {isa = PBXFileReference; fileEncoding = 4; lastKnownFileType = sourcecode.c.h; path = ANMoPubMediationBanner.h; sourceTree = "<group>"; };
		ECF23ECB184534E400A94DE8 /* ANMoPubMediationBanner.m */ = {isa = PBXFileReference; fileEncoding = 4; lastKnownFileType = sourcecode.c.objc; path = ANMoPubMediationBanner.m; sourceTree = "<group>"; };
		ECF23ECC184534E400A94DE8 /* ANMoPubMediationInterstitial.h */ = {isa = PBXFileReference; fileEncoding = 4; lastKnownFileType = sourcecode.c.h; path = ANMoPubMediationInterstitial.h; sourceTree = "<group>"; };
		ECF23ECD184534E400A94DE8 /* ANMoPubMediationInterstitial.m */ = {isa = PBXFileReference; fileEncoding = 4; lastKnownFileType = sourcecode.c.objc; path = ANMoPubMediationInterstitial.m; sourceTree = "<group>"; };
		ECF23F6C1845364500A94DE8 /* MPBannerCustomEvent.h */ = {isa = PBXFileReference; fileEncoding = 4; lastKnownFileType = sourcecode.c.h; path = MPBannerCustomEvent.h; sourceTree = "<group>"; };
		ECF23F6E1845364500A94DE8 /* MPBannerCustomEventDelegate.h */ = {isa = PBXFileReference; fileEncoding = 4; lastKnownFileType = sourcecode.c.h; path = MPBannerCustomEventDelegate.h; sourceTree = "<group>"; };
		ECF23F721845364500A94DE8 /* MPInterstitialCustomEvent.h */ = {isa = PBXFileReference; fileEncoding = 4; lastKnownFileType = sourcecode.c.h; path = MPInterstitialCustomEvent.h; sourceTree = "<group>"; };
		ECF23F741845364500A94DE8 /* MPInterstitialCustomEventDelegate.h */ = {isa = PBXFileReference; fileEncoding = 4; lastKnownFileType = sourcecode.c.h; path = MPInterstitialCustomEventDelegate.h; sourceTree = "<group>"; };
		ECF23FBC1845372400A94DE8 /* UIKit.framework */ = {isa = PBXFileReference; lastKnownFileType = wrapper.framework; name = UIKit.framework; path = System/Library/Frameworks/UIKit.framework; sourceTree = SDKROOT; };
/* End PBXFileReference section */

/* Begin PBXFrameworksBuildPhase section */
		ECF23E931845340900A94DE8 /* Frameworks */ = {
			isa = PBXFrameworksBuildPhase;
			buildActionMask = 2147483647;
			files = (
				ECF23E9A1845340900A94DE8 /* Foundation.framework in Frameworks */,
				ECF23EC8184534D000A94DE8 /* libANSDK.a in Frameworks */,
			);
			runOnlyForDeploymentPostprocessing = 0;
		};
/* End PBXFrameworksBuildPhase section */

/* Begin PBXGroup section */
		ECF23E8D1845340900A94DE8 = {
			isa = PBXGroup;
			children = (
				ECF23ED21845364500A94DE8 /* MoPubSDK 1.17.0.0 */,
				ECF23EC9184534E400A94DE8 /* MoPub */,
				ECF23EBF184534D000A94DE8 /* ANSDK */,
				ECF23E981845340900A94DE8 /* Frameworks */,
				ECF23E971845340900A94DE8 /* Products */,
			);
			sourceTree = "<group>";
		};
		ECF23E971845340900A94DE8 /* Products */ = {
			isa = PBXGroup;
			children = (
				ECF23E961845340900A94DE8 /* libANSDKMoPub.a */,
			);
			name = Products;
			sourceTree = "<group>";
		};
		ECF23E981845340900A94DE8 /* Frameworks */ = {
			isa = PBXGroup;
			children = (
				ECF23FBC1845372400A94DE8 /* UIKit.framework */,
				ECF23E991845340900A94DE8 /* Foundation.framework */,
			);
			name = Frameworks;
			sourceTree = "<group>";
		};
		ECF23EBF184534D000A94DE8 /* ANSDK */ = {
			isa = PBXGroup;
			children = (
				ECF23EC0184534D000A94DE8 /* ANAdProtocol.h */,
				ECF23EC1184534D000A94DE8 /* ANAdView.h */,
				ECF23EC2184534D000A94DE8 /* ANBannerAdView.h */,
				ECF23EC3184534D000A94DE8 /* ANCustomAdapter.h */,
				ECF23EC4184534D000A94DE8 /* ANInterstitialAd.h */,
				ECF23EC5184534D000A94DE8 /* ANLocation.h */,
				ECF23EC6184534D000A94DE8 /* ANSDKResources.bundle */,
				ECF23EC7184534D000A94DE8 /* libANSDK.a */,
			);
			name = ANSDK;
			path = out/ANSDK;
			sourceTree = "<group>";
		};
		ECF23EC9184534E400A94DE8 /* MoPub */ = {
			isa = PBXGroup;
			children = (
				ECF23ECA184534E400A94DE8 /* ANMoPubMediationBanner.h */,
				ECF23ECB184534E400A94DE8 /* ANMoPubMediationBanner.m */,
				ECF23ECC184534E400A94DE8 /* ANMoPubMediationInterstitial.h */,
				ECF23ECD184534E400A94DE8 /* ANMoPubMediationInterstitial.m */,
			);
			name = MoPub;
			path = mediation/mediating/MoPub;
			sourceTree = "<group>";
		};
		ECF23ED21845364500A94DE8 /* MoPubSDK 1.17.0.0 */ = {
			isa = PBXGroup;
			children = (
				ECF23F6C1845364500A94DE8 /* MPBannerCustomEvent.h */,
				ECF23F6E1845364500A94DE8 /* MPBannerCustomEventDelegate.h */,
				ECF23F721845364500A94DE8 /* MPInterstitialCustomEvent.h */,
				ECF23F741845364500A94DE8 /* MPInterstitialCustomEventDelegate.h */,
			);
			name = "MoPubSDK 1.17.0.0";
			path = "mediation/mediating/libs/MoPubSDK 1.17.0.0";
			sourceTree = "<group>";
		};
/* End PBXGroup section */

/* Begin PBXNativeTarget section */
		ECF23E951845340900A94DE8 /* ANSDKMoPub */ = {
			isa = PBXNativeTarget;
			buildConfigurationList = ECF23EB91845340900A94DE8 /* Build configuration list for PBXNativeTarget "ANSDKMoPub" */;
			buildPhases = (
				ECF23E921845340900A94DE8 /* Sources */,
				ECF23E931845340900A94DE8 /* Frameworks */,
				ECF23E941845340900A94DE8 /* CopyFiles */,
			);
			buildRules = (
			);
			dependencies = (
			);
			name = ANSDKMoPub;
			productName = ANSDKMoPub;
			productReference = ECF23E961845340900A94DE8 /* libANSDKMoPub.a */;
			productType = "com.apple.product-type.library.static";
		};
/* End PBXNativeTarget section */

/* Begin PBXProject section */
		ECF23E8E1845340900A94DE8 /* Project object */ = {
			isa = PBXProject;
			attributes = {
				LastUpgradeCheck = 0500;
				ORGANIZATIONNAME = AppNexus;
			};
			buildConfigurationList = ECF23E911845340900A94DE8 /* Build configuration list for PBXProject "ANSDKMoPub" */;
			compatibilityVersion = "Xcode 3.2";
			developmentRegion = English;
			hasScannedForEncodings = 0;
			knownRegions = (
				en,
			);
			mainGroup = ECF23E8D1845340900A94DE8;
			productRefGroup = ECF23E971845340900A94DE8 /* Products */;
			projectDirPath = "";
			projectRoot = "";
			targets = (
				ECF23E951845340900A94DE8 /* ANSDKMoPub */,
			);
		};
/* End PBXProject section */

/* Begin PBXSourcesBuildPhase section */
		ECF23E921845340900A94DE8 /* Sources */ = {
			isa = PBXSourcesBuildPhase;
			buildActionMask = 2147483647;
			files = (
				ECF23ECE184534E400A94DE8 /* ANMoPubMediationBanner.m in Sources */,
				ECF23ECF184534E400A94DE8 /* ANMoPubMediationInterstitial.m in Sources */,
			);
			runOnlyForDeploymentPostprocessing = 0;
		};
/* End PBXSourcesBuildPhase section */

/* Begin XCBuildConfiguration section */
		ECF23EB71845340900A94DE8 /* Debug */ = {
			isa = XCBuildConfiguration;
			buildSettings = {
				ALWAYS_SEARCH_USER_PATHS = NO;
				ARCHS = "$(ARCHS_STANDARD_INCLUDING_64_BIT)";
				CLANG_CXX_LANGUAGE_STANDARD = "gnu++0x";
				CLANG_CXX_LIBRARY = "libc++";
				CLANG_ENABLE_MODULES = YES;
				CLANG_ENABLE_OBJC_ARC = YES;
				CLANG_WARN_BOOL_CONVERSION = YES;
				CLANG_WARN_CONSTANT_CONVERSION = YES;
				CLANG_WARN_DIRECT_OBJC_ISA_USAGE = YES_ERROR;
				CLANG_WARN_EMPTY_BODY = YES;
				CLANG_WARN_ENUM_CONVERSION = YES;
				CLANG_WARN_INT_CONVERSION = YES;
				CLANG_WARN_OBJC_ROOT_CLASS = YES_ERROR;
				CLANG_WARN__DUPLICATE_METHOD_MATCH = YES;
				COPY_PHASE_STRIP = NO;
				GCC_C_LANGUAGE_STANDARD = gnu99;
				GCC_DYNAMIC_NO_PIC = NO;
				GCC_OPTIMIZATION_LEVEL = 0;
				GCC_PREPROCESSOR_DEFINITIONS = (
					"DEBUG=1",
					"$(inherited)",
				);
				GCC_SYMBOLS_PRIVATE_EXTERN = NO;
				GCC_WARN_64_TO_32_BIT_CONVERSION = YES;
				GCC_WARN_ABOUT_DEPRECATED_FUNCTIONS = NO;
				GCC_WARN_ABOUT_RETURN_TYPE = YES_ERROR;
				GCC_WARN_UNDECLARED_SELECTOR = NO;
				GCC_WARN_UNINITIALIZED_AUTOS = YES;
				GCC_WARN_UNUSED_FUNCTION = YES;
				GCC_WARN_UNUSED_VARIABLE = YES;
				IPHONEOS_DEPLOYMENT_TARGET = 7.0;
				ONLY_ACTIVE_ARCH = YES;
				SDKROOT = iphoneos;
			};
			name = Debug;
		};
		ECF23EB81845340900A94DE8 /* Release */ = {
			isa = XCBuildConfiguration;
			buildSettings = {
				ALWAYS_SEARCH_USER_PATHS = NO;
				ARCHS = "$(ARCHS_STANDARD_INCLUDING_64_BIT)";
				CLANG_CXX_LANGUAGE_STANDARD = "gnu++0x";
				CLANG_CXX_LIBRARY = "libc++";
				CLANG_ENABLE_MODULES = YES;
				CLANG_ENABLE_OBJC_ARC = YES;
				CLANG_WARN_BOOL_CONVERSION = YES;
				CLANG_WARN_CONSTANT_CONVERSION = YES;
				CLANG_WARN_DIRECT_OBJC_ISA_USAGE = YES_ERROR;
				CLANG_WARN_EMPTY_BODY = YES;
				CLANG_WARN_ENUM_CONVERSION = YES;
				CLANG_WARN_INT_CONVERSION = YES;
				CLANG_WARN_OBJC_ROOT_CLASS = YES_ERROR;
				CLANG_WARN__DUPLICATE_METHOD_MATCH = YES;
				COPY_PHASE_STRIP = YES;
				ENABLE_NS_ASSERTIONS = NO;
				GCC_C_LANGUAGE_STANDARD = gnu99;
				GCC_WARN_64_TO_32_BIT_CONVERSION = YES;
				GCC_WARN_ABOUT_DEPRECATED_FUNCTIONS = NO;
				GCC_WARN_ABOUT_RETURN_TYPE = YES_ERROR;
				GCC_WARN_UNDECLARED_SELECTOR = NO;
				GCC_WARN_UNINITIALIZED_AUTOS = YES;
				GCC_WARN_UNUSED_FUNCTION = YES;
				GCC_WARN_UNUSED_VARIABLE = YES;
				IPHONEOS_DEPLOYMENT_TARGET = 7.0;
				SDKROOT = iphoneos;
				VALIDATE_PRODUCT = YES;
			};
			name = Release;
		};
		ECF23EBA1845340900A94DE8 /* Debug */ = {
			isa = XCBuildConfiguration;
			buildSettings = {
				DSTROOT = /tmp/ANSDKMoPub.dst;
				GCC_PRECOMPILE_PREFIX_HEADER = YES;
				GCC_WARN_ABOUT_DEPRECATED_FUNCTIONS = NO;
				LIBRARY_SEARCH_PATHS = (
					"$(inherited)",
					"$(PROJECT_DIR)/out/ANSDK",
				);
				OTHER_LDFLAGS = "-ObjC";
				PRODUCT_NAME = "$(TARGET_NAME)";
				SKIP_INSTALL = YES;
			};
			name = Debug;
		};
		ECF23EBB1845340900A94DE8 /* Release */ = {
			isa = XCBuildConfiguration;
			buildSettings = {
				DSTROOT = /tmp/ANSDKMoPub.dst;
				GCC_PRECOMPILE_PREFIX_HEADER = YES;
				GCC_WARN_ABOUT_DEPRECATED_FUNCTIONS = NO;
				LIBRARY_SEARCH_PATHS = (
					"$(inherited)",
					"$(PROJECT_DIR)/out/ANSDK",
				);
				OTHER_LDFLAGS = "-ObjC";
				PRODUCT_NAME = "$(TARGET_NAME)";
				SKIP_INSTALL = YES;
			};
			name = Release;
		};
/* End XCBuildConfiguration section */

/* Begin XCConfigurationList section */
		ECF23E911845340900A94DE8 /* Build configuration list for PBXProject "ANSDKMoPub" */ = {
			isa = XCConfigurationList;
			buildConfigurations = (
				ECF23EB71845340900A94DE8 /* Debug */,
				ECF23EB81845340900A94DE8 /* Release */,
			);
			defaultConfigurationIsVisible = 0;
			defaultConfigurationName = Release;
		};
		ECF23EB91845340900A94DE8 /* Build configuration list for PBXNativeTarget "ANSDKMoPub" */ = {
			isa = XCConfigurationList;
			buildConfigurations = (
				ECF23EBA1845340900A94DE8 /* Debug */,
				ECF23EBB1845340900A94DE8 /* Release */,
			);
			defaultConfigurationIsVisible = 0;
			defaultConfigurationName = Release;
		};
/* End XCConfigurationList section */
	};
	rootObject = ECF23E8E1845340900A94DE8 /* Project object */;
}
