<?xml version="1.0" encoding="UTF-8"?>
<Scheme
   LastUpgradeVersion = "0930"
   version = "1.3">
   <BuildAction
      parallelizeBuildables = "YES"
      buildImplicitDependencies = "YES">
      <BuildActionEntries>
         <BuildActionEntry
            buildForTesting = "YES"
            buildForRunning = "YES"
            buildForProfiling = "YES"
            buildForArchiving = "YES"
            buildForAnalyzing = "YES">
            <BuildableReference
               BuildableIdentifier = "primary"
               BlueprintIdentifier = "0E3CA9C820E6D79400358480"
               BuildableName = "UnitTestApp.app"
               BlueprintName = "UnitTestApp"
               ReferencedContainer = "container:NewTestApp.xcodeproj">
            </BuildableReference>
         </BuildActionEntry>
      </BuildActionEntries>
   </BuildAction>
   <TestAction
      buildConfiguration = "Debug"
      selectedDebuggerIdentifier = "Xcode.DebuggerFoundation.Debugger.LLDB"
      selectedLauncherIdentifier = "Xcode.DebuggerFoundation.Launcher.LLDB"
      shouldUseLaunchSchemeArgsEnv = "YES">
      <Testables>
         <TestableReference
            skipped = "NO">
            <BuildableReference
               BuildableIdentifier = "primary"
               BlueprintIdentifier = "0E3CA9DF20E6D79600358480"
               BuildableName = "UniversalUnitTestAppTests.xctest"
               BlueprintName = "UniversalUnitTestAppTests"
               ReferencedContainer = "container:NewTestApp.xcodeproj">
            </BuildableReference>
         </TestableReference>
         <TestableReference
            skipped = "NO">
            <BuildableReference
               BuildableIdentifier = "primary"
               BlueprintIdentifier = "0E3CAA2120E6DBF700358480"
               BuildableName = "VideoTests.xctest"
               BlueprintName = "VideoTests"
               ReferencedContainer = "container:NewTestApp.xcodeproj">
            </BuildableReference>
         </TestableReference>
         <TestableReference
            skipped = "NO">
            <BuildableReference
               BuildableIdentifier = "primary"
               BlueprintIdentifier = "0E28D82520EAACB200EC2CB2"
               BuildableName = "OriginalUnitTestAppTests.xctest"
               BlueprintName = "OriginalUnitTestAppTests"
               ReferencedContainer = "container:NewTestApp.xcodeproj">
            </BuildableReference>
            <SkippedTests>
               <Test
                  Identifier = "ANBaseTestCase">
               </Test>
            </SkippedTests>
         </TestableReference>
         <TestableReference
            skipped = "NO">
            <BuildableReference
               BuildableIdentifier = "primary"
               BlueprintIdentifier = "0E28D87C20EAC5E100EC2CB2"
               BuildableName = "NewTestAppTests.xctest"
               BlueprintName = "NewTestAppTests"
               ReferencedContainer = "container:NewTestApp.xcodeproj">
            </BuildableReference>
         </TestableReference>
         <TestableReference
            skipped = "NO">
            <BuildableReference
               BuildableIdentifier = "primary"
               BlueprintIdentifier = "0E28D8DA20EAC72600EC2CB2"
               BuildableName = "UTModuleTests.xctest"
               BlueprintName = "UTModuleTests"
               ReferencedContainer = "container:NewTestApp.xcodeproj">
            </BuildableReference>
         </TestableReference>
         <TestableReference
            skipped = "NO">
            <BuildableReference
               BuildableIdentifier = "primary"
               BlueprintIdentifier = "0E28D92820EACD8900EC2CB2"
               BuildableName = "UniversalMediationAdapterAppTests.xctest"
               BlueprintName = "UniversalMediationAdapterAppTests"
               ReferencedContainer = "container:NewTestApp.xcodeproj">
            </BuildableReference>
         </TestableReference>
         <TestableReference
            skipped = "NO">
            <BuildableReference
               BuildableIdentifier = "primary"
               BlueprintIdentifier = "0E28D93620EACDB300EC2CB2"
               BuildableName = "NativeUnitTest.xctest"
               BlueprintName = "NativeUnitTest"
               ReferencedContainer = "container:NewTestApp.xcodeproj">
            </BuildableReference>
         </TestableReference>
      </Testables>
      <MacroExpansion>
         <BuildableReference
            BuildableIdentifier = "primary"
            BlueprintIdentifier = "0E3CA9C820E6D79400358480"
            BuildableName = "UnitTestApp.app"
            BlueprintName = "UnitTestApp"
            ReferencedContainer = "container:NewTestApp.xcodeproj">
         </BuildableReference>
      </MacroExpansion>
      <AdditionalOptions>
      </AdditionalOptions>
   </TestAction>
   <LaunchAction
      buildConfiguration = "Debug"
      selectedDebuggerIdentifier = "Xcode.DebuggerFoundation.Debugger.LLDB"
      selectedLauncherIdentifier = "Xcode.DebuggerFoundation.Launcher.LLDB"
      launchStyle = "0"
      useCustomWorkingDirectory = "NO"
      ignoresPersistentStateOnLaunch = "NO"
      debugDocumentVersioning = "YES"
      debugServiceExtension = "internal"
      allowLocationSimulation = "YES">
      <BuildableProductRunnable
         runnableDebuggingMode = "0">
         <BuildableReference
            BuildableIdentifier = "primary"
            BlueprintIdentifier = "0E3CA9C820E6D79400358480"
            BuildableName = "UnitTestApp.app"
            BlueprintName = "UnitTestApp"
            ReferencedContainer = "container:NewTestApp.xcodeproj">
         </BuildableReference>
      </BuildableProductRunnable>
      <AdditionalOptions>
      </AdditionalOptions>
   </LaunchAction>
   <ProfileAction
      buildConfiguration = "Release"
      shouldUseLaunchSchemeArgsEnv = "YES"
      savedToolIdentifier = ""
      useCustomWorkingDirectory = "NO"
      debugDocumentVersioning = "YES">
      <BuildableProductRunnable
         runnableDebuggingMode = "0">
         <BuildableReference
            BuildableIdentifier = "primary"
            BlueprintIdentifier = "0E3CA9C820E6D79400358480"
            BuildableName = "UnitTestApp.app"
            BlueprintName = "UnitTestApp"
            ReferencedContainer = "container:NewTestApp.xcodeproj">
         </BuildableReference>
      </BuildableProductRunnable>
   </ProfileAction>
   <AnalyzeAction
      buildConfiguration = "Debug">
   </AnalyzeAction>
   <ArchiveAction
      buildConfiguration = "Release"
      revealArchiveInOrganizer = "YES">
   </ArchiveAction>
</Scheme>
